
Microsoft Visual Studio Solution File, Format Version 12.00
# Visual Studio Version 16
VisualStudioVersion = 16.0.30503.244
MinimumVisualStudioVersion = 10.0.40219.1
Project("{FAE04EC0-301F-11D3-BF4B-00C04F79EFBC}") = "NETD3202-Lab5Communication-RyanClayson", "NETD3202-Lab5Communication-RyanClayson.csproj", "{675E26F1-0ECE-41B0-AEA7-A4F531AE61A8}"
EndProject
Global
	GlobalSection(SolutionConfigurationPlatforms) = preSolution
		Debug|Any CPU = Debug|Any CPU
		Release|Any CPU = Release|Any CPU
	EndGlobalSection
	GlobalSection(ProjectConfigurationPlatforms) = postSolution
		{675E26F1-0ECE-41B0-AEA7-A4F531AE61A8}.Debug|Any CPU.ActiveCfg = Debug|Any CPU
		{675E26F1-0ECE-41B0-AEA7-A4F531AE61A8}.Debug|Any CPU.Build.0 = Debug|Any CPU
		{675E26F1-0ECE-41B0-AEA7-A4F531AE61A8}.Release|Any CPU.ActiveCfg = Release|Any CPU
		{675E26F1-0ECE-41B0-AEA7-A4F531AE61A8}.Release|Any CPU.Build.0 = Release|Any CPU
	EndGlobalSection
	GlobalSection(SolutionProperties) = preSolution
		HideSolutionNode = FALSE
	EndGlobalSection
	GlobalSection(ExtensibilityGlobals) = postSolution
		SolutionGuid = {CDEE2649-2A37-4596-BF17-3F105A73913D}
	EndGlobalSection
EndGlobal
